
Microsoft Visual Studio Solution File, Format Version 12.00
# Visual Studio Version 16
VisualStudioVersion = 16.0.29215.179
MinimumVisualStudioVersion = 10.0.40219.1
Project("{9A19103F-16F7-4668-BE54-9A1E7A4F7556}") = "datingapp", "datingapp\datingapp.csproj", "{15A22627-DAA8-4F42-90CC-07434626E1A4}"
EndProject
Global
	GlobalSection(SolutionConfigurationPlatforms) = preSolution
		Debug|Any CPU = Debug|Any CPU
		Release|Any CPU = Release|Any CPU
	EndGlobalSection
	GlobalSection(ProjectConfigurationPlatforms) = postSolution
		{15A22627-DAA8-4F42-90CC-07434626E1A4}.Debug|Any CPU.ActiveCfg = Debug|Any CPU
		{15A22627-DAA8-4F42-90CC-07434626E1A4}.Debug|Any CPU.Build.0 = Debug|Any CPU
		{15A22627-DAA8-4F42-90CC-07434626E1A4}.Release|Any CPU.ActiveCfg = Release|Any CPU
		{15A22627-DAA8-4F42-90CC-07434626E1A4}.Release|Any CPU.Build.0 = Release|Any CPU
	EndGlobalSection
	GlobalSection(SolutionProperties) = preSolution
		HideSolutionNode = FALSE
	EndGlobalSection
	GlobalSection(ExtensibilityGlobals) = postSolution
		SolutionGuid = {FEB8B293-DB17-4019-A82C-F917C0AE6D51}
	EndGlobalSection
EndGlobal
